
Microsoft Visual Studio Solution File, Format Version 12.00
# Visual Studio Version 17
VisualStudioVersion = 17.4.33213.308
MinimumVisualStudioVersion = 10.0.40219.1
Project("{FAE04EC0-301F-11D3-BF4B-00C04F79EFBC}") = "HajokAKikotoben", "HajokAKikotoben\HajokAKikotoben.csproj", "{4393DCEC-97EE-4334-BE46-A3ECDA803781}"
EndProject
Global
	GlobalSection(SolutionConfigurationPlatforms) = preSolution
		Debug|Any CPU = Debug|Any CPU
		Release|Any CPU = Release|Any CPU
	EndGlobalSection
	GlobalSection(ProjectConfigurationPlatforms) = postSolution
		{4393DCEC-97EE-4334-BE46-A3ECDA803781}.Debug|Any CPU.ActiveCfg = Debug|Any CPU
		{4393DCEC-97EE-4334-BE46-A3ECDA803781}.Debug|Any CPU.Build.0 = Debug|Any CPU
		{4393DCEC-97EE-4334-BE46-A3ECDA803781}.Release|Any CPU.ActiveCfg = Release|Any CPU
		{4393DCEC-97EE-4334-BE46-A3ECDA803781}.Release|Any CPU.Build.0 = Release|Any CPU
	EndGlobalSection
	GlobalSection(SolutionProperties) = preSolution
		HideSolutionNode = FALSE
	EndGlobalSection
	GlobalSection(ExtensibilityGlobals) = postSolution
		SolutionGuid = {323B4876-3488-46A7-BAF4-2CACE6F846C5}
	EndGlobalSection
EndGlobal
