
Microsoft Visual Studio Solution File, Format Version 12.00
# Visual Studio Version 17
VisualStudioVersion = 17.4.33213.308
MinimumVisualStudioVersion = 10.0.40219.1
Project("{FAE04EC0-301F-11D3-BF4B-00C04F79EFBC}") = "IdegenNyelv", "IdegenNyelv\IdegenNyelv.csproj", "{C2E7E275-0F97-4EDD-952F-CDFC9FF7472B}"
EndProject
Global
	GlobalSection(SolutionConfigurationPlatforms) = preSolution
		Debug|Any CPU = Debug|Any CPU
		Release|Any CPU = Release|Any CPU
	EndGlobalSection
	GlobalSection(ProjectConfigurationPlatforms) = postSolution
		{C2E7E275-0F97-4EDD-952F-CDFC9FF7472B}.Debug|Any CPU.ActiveCfg = Debug|Any CPU
		{C2E7E275-0F97-4EDD-952F-CDFC9FF7472B}.Debug|Any CPU.Build.0 = Debug|Any CPU
		{C2E7E275-0F97-4EDD-952F-CDFC9FF7472B}.Release|Any CPU.ActiveCfg = Release|Any CPU
		{C2E7E275-0F97-4EDD-952F-CDFC9FF7472B}.Release|Any CPU.Build.0 = Release|Any CPU
	EndGlobalSection
	GlobalSection(SolutionProperties) = preSolution
		HideSolutionNode = FALSE
	EndGlobalSection
	GlobalSection(ExtensibilityGlobals) = postSolution
		SolutionGuid = {1EEF2650-EDB1-4EBB-A675-373AB85DAEFF}
	EndGlobalSection
EndGlobal
