
Microsoft Visual Studio Solution File, Format Version 12.00
# Visual Studio Version 17
VisualStudioVersion = 17.3.32929.385
MinimumVisualStudioVersion = 10.0.40219.1
Project("{FAE04EC0-301F-11D3-BF4B-00C04F79EFBC}") = "Bor", "Bor\Bor.csproj", "{FE98E8F1-A749-417D-A666-1F36A9FB45A4}"
EndProject
Global
	GlobalSection(SolutionConfigurationPlatforms) = preSolution
		Debug|Any CPU = Debug|Any CPU
		Release|Any CPU = Release|Any CPU
	EndGlobalSection
	GlobalSection(ProjectConfigurationPlatforms) = postSolution
		{FE98E8F1-A749-417D-A666-1F36A9FB45A4}.Debug|Any CPU.ActiveCfg = Debug|Any CPU
		{FE98E8F1-A749-417D-A666-1F36A9FB45A4}.Debug|Any CPU.Build.0 = Debug|Any CPU
		{FE98E8F1-A749-417D-A666-1F36A9FB45A4}.Release|Any CPU.ActiveCfg = Release|Any CPU
		{FE98E8F1-A749-417D-A666-1F36A9FB45A4}.Release|Any CPU.Build.0 = Release|Any CPU
	EndGlobalSection
	GlobalSection(SolutionProperties) = preSolution
		HideSolutionNode = FALSE
	EndGlobalSection
	GlobalSection(ExtensibilityGlobals) = postSolution
		SolutionGuid = {391D51D8-A204-4616-A592-261AB2418019}
	EndGlobalSection
EndGlobal
